dependencies:
- name: mongodb
  repository: https://charts.bitnami.com/bitnami
  version: 12.1.30
- name: users
  repository: ""
  version: 0.x.x
- name: movies
  repository: ""
  version: 0.x.x
- name: showtimes
  repository: ""
  version: 0.x.x
- name: bookings
  repository: ""
  version: 0.x.x
- name: website
  repository: ""
  version: 0.x.x
digest: sha256:90bd8e85ceba7d6fb8813d906ddafd331718ecab75290c6a5425e0e3b58105ca
generated: "2022-08-02T13:51:08.004326+07:00"
